{
  "name": "holesail",
  "version": "1.4.8",
  "lockfileVersion": 3,
  "requires": true,
  "packages": {
    "": {
      "name": "holesail",
      "version": "1.4.8",
      "license": "GPL-3.0",
      "dependencies": {
        "crypto": "^1.0.1",
        "graceful-goodbye": "^1.3.0",
        "holesail-client": "^1.0.1",
        "holesail-server": "*",
        "hyperdht": "^6.13.1",
        "minimist": "^1.2.8"
      },
      "bin": {
        "holesail": "index.js"
      }
    },
    "node_modules/@holesail/hyper-cmd-lib-net": {
      "version": "0.1.0",
      "resolved": "https://registry.npmjs.org/@holesail/hyper-cmd-lib-net/-/hyper-cmd-lib-net-0.1.0.tgz",
      "integrity": "sha512-Ru3aOXVXhIzv3gHQm9eLAEQhUbJuN9jGYywvH6ausHziORuIQxltdNFTA638RpvzQlIQB5r2E+AK/9hhie8i5g=="
    },
    "node_modules/@hyperswarm/secret-stream": {
      "version": "6.4.0",
      "resolved": "https://registry.npmjs.org/@hyperswarm/secret-stream/-/secret-stream-6.4.0.tgz",
      "integrity": "sha512-EzVr0o1lQP+qfctc0lj6fSJe1hqEwq894eyzPOorYZ1KTqVCKSPX9LcNwTklrm5MzJJVqvZBicD3oPgMq/us6w==",
      "dependencies": {
        "b4a": "^1.1.0",
        "hypercore-crypto": "^3.3.1",
        "noise-curve-ed": "^2.0.1",
        "noise-handshake": "^3.0.2",
        "sodium-secretstream": "^1.1.0",
        "sodium-universal": "^4.0.0",
        "streamx": "^2.14.0",
        "timeout-refresh": "^2.0.0"
      }
    },
    "node_modules/b4a": {
      "version": "1.6.6",
      "resolved": "https://registry.npmjs.org/b4a/-/b4a-1.6.6.tgz",
      "integrity": "sha512-5Tk1HLk6b6ctmjIkAcU/Ujv/1WqiDl0F0JdRCR80VsOcUlHcu7pWeWRlOqQLHfDEsVx9YH/aif5AG4ehoCtTmg=="
    },
    "node_modules/bare-events": {
      "version": "2.2.2",
      "resolved": "https://registry.npmjs.org/bare-events/-/bare-events-2.2.2.tgz",
      "integrity": "sha512-h7z00dWdG0PYOQEvChhOSWvOfkIKsdZGkWr083FgN/HyoQuebSew/cgirYqh9SCuy/hRvxc5Vy6Fw8xAmYHLkQ=="
    },
    "node_modules/bits-to-bytes": {
      "version": "1.3.0",
      "resolved": "https://registry.npmjs.org/bits-to-bytes/-/bits-to-bytes-1.3.0.tgz",
      "integrity": "sha512-OJoHTpFXS9bXHBCekGTByf3MqM8CGblBDIduKQeeVVeiU9dDWywSSirXIBYGgg3d1zbVuvnMa1vD4r6PA0kOKg==",
      "dependencies": {
        "b4a": "^1.5.0"
      }
    },
    "node_modules/blind-relay": {
      "version": "1.3.3",
      "resolved": "https://registry.npmjs.org/blind-relay/-/blind-relay-1.3.3.tgz",
      "integrity": "sha512-J49HZaRLA+jgmIA+J01x0NzDtNMQVzuFfz7CnLLijIUMJkxTbaexIGI/tfk6LONcr/+INmgbS8gMLeuaRvfreA==",
      "dependencies": {
        "b4a": "^1.6.4",
        "bare-events": "^2.2.0",
        "bits-to-bytes": "^1.3.0",
        "compact-encoding": "^2.12.0",
        "compact-encoding-bitfield": "^1.0.0",
        "hypertrace": "^1.4.1",
        "protomux": "^3.5.1",
        "sodium-universal": "^4.0.0",
        "streamx": "^2.15.1"
      }
    },
    "node_modules/bogon": {
      "version": "1.1.0",
      "resolved": "https://registry.npmjs.org/bogon/-/bogon-1.1.0.tgz",
      "integrity": "sha512-a6SnToksXHuUlgeMvI/txWmTcKz7c7iBa8f0HbXL4toN1Uza/CTQ4F7n9jSDX49TCpxv3KUP100q4sZfwLyLiw==",
      "dependencies": {
        "compact-encoding": "^2.11.0",
        "compact-encoding-net": "^1.2.0"
      }
    },
    "node_modules/compact-encoding": {
      "version": "2.15.0",
      "resolved": "https://registry.npmjs.org/compact-encoding/-/compact-encoding-2.15.0.tgz",
      "integrity": "sha512-af/NomxL9Mo0lqCk++rxLLDZI+lJqeBrPt4dK6FbjxTCEhfC9yQAIoO6yq9ixyCirce0luQwErkwJrhem6clxA==",
      "dependencies": {
        "b4a": "^1.3.0"
      }
    },
    "node_modules/compact-encoding-bitfield": {
      "version": "1.0.0",
      "resolved": "https://registry.npmjs.org/compact-encoding-bitfield/-/compact-encoding-bitfield-1.0.0.tgz",
      "integrity": "sha512-3nMVKUg+PF72UHfainmCL8uKvyWfxsjqOtUY+HiMPGLPCTjnwzoKfFAMo1Ad7nwTPdjBqtGK5b3BOFTFW4EBTg==",
      "dependencies": {
        "compact-encoding": "^2.4.1"
      }
    },
    "node_modules/compact-encoding-net": {
      "version": "1.2.0",
      "resolved": "https://registry.npmjs.org/compact-encoding-net/-/compact-encoding-net-1.2.0.tgz",
      "integrity": "sha512-LVXpNpF7PGQeHRVVLGgYWzuVoYAaDZvKUsUxRioGfkotzvOh4AzoQF1HBH3zMNaSnx7gJXuUr3hkjnijaH/Eng==",
      "dependencies": {
        "compact-encoding": "^2.4.1"
      }
    },
    "node_modules/crypto": {
      "version": "1.0.1",
      "resolved": "https://registry.npmjs.org/crypto/-/crypto-1.0.1.tgz",
      "integrity": "sha512-VxBKmeNcqQdiUQUW2Tzq0t377b54N2bMtXO/qiLa+6eRRmmC4qT3D4OnTGoT/U6O9aklQ/jTwbOtRMTTY8G0Ig==",
      "deprecated": "This package is no longer supported. It's now a built-in Node module. If you've depended on crypto, you should switch to the one that's built-in."
    },
    "node_modules/debugging-stream": {
      "version": "2.0.0",
      "resolved": "https://registry.npmjs.org/debugging-stream/-/debugging-stream-2.0.0.tgz",
      "integrity": "sha512-xwfl6wB/3xc553uwtGnSa94jFxnGOc02C0WU2Nmzwr80gzeqn1FX4VcbvoKIhe8L/lPq4BTQttAbrTN94uN8rA==",
      "dependencies": {
        "streamx": "^2.12.4"
      }
    },
    "node_modules/dht-rpc": {
      "version": "6.11.2",
      "resolved": "https://registry.npmjs.org/dht-rpc/-/dht-rpc-6.11.2.tgz",
      "integrity": "sha512-R0LS2xwMhHZ9L9J7nWr3rqI3RhZjAh/0BDA/5b4dn3rqWEgCiBxe0WsyJaFXplkIg7+djxNma7LM0MkHuwbI1A==",
      "dependencies": {
        "b4a": "^1.6.1",
        "bare-events": "^2.2.0",
        "compact-encoding": "^2.11.0",
        "compact-encoding-net": "^1.2.0",
        "fast-fifo": "^1.1.0",
        "kademlia-routing-table": "^1.0.1",
        "nat-sampler": "^1.0.1",
        "sodium-universal": "^4.0.0",
        "streamx": "^2.13.2",
        "time-ordered-set": "^1.0.2",
        "udx-native": "^1.5.3"
      }
    },
    "node_modules/fast-fifo": {
      "version": "1.3.2",
      "resolved": "https://registry.npmjs.org/fast-fifo/-/fast-fifo-1.3.2.tgz",
      "integrity": "sha512-/d9sfos4yxzpwkDkuN7k2SqFKtYNmCTzgfEpz82x34IM9/zc8KGxQoXg1liNC/izpRM/MBdt44Nmx41ZWqk+FQ=="
    },
    "node_modules/graceful-goodbye": {
      "version": "1.3.0",
      "resolved": "https://registry.npmjs.org/graceful-goodbye/-/graceful-goodbye-1.3.0.tgz",
      "integrity": "sha512-hcZOs20emYlTM7MmUE0FpuZcjlk2GPsR+UYTHDeWxtGjXcbh2CawGi8vlzqsIvspqAbot7mRv3sC/uhgtKc4hQ==",
      "dependencies": {
        "safety-catch": "^1.0.2"
      }
    },
    "node_modules/holesail-client": {
      "version": "1.0.6",
      "resolved": "https://registry.npmjs.org/holesail-client/-/holesail-client-1.0.6.tgz",
      "integrity": "sha512-CZG0zzEYWHDwni3CGQ4K0NKMfyjr01JQi0DbTGTmS1vCiFb4H/3rVxu3vk9HHt/Nht3aiQT2Z7HcUN7H1Fku6Q==",
      "dependencies": {
        "@holesail/hyper-cmd-lib-net": "^0.1.0",
        "graceful-goodbye": "^1.3.0",
        "hyper-cmd-lib-keys": "^0.0.2",
        "hyperdht": "^6.11.7"
      }
    },
    "node_modules/holesail-server": {
      "version": "1.3.6",
      "resolved": "https://registry.npmjs.org/holesail-server/-/holesail-server-1.3.6.tgz",
      "integrity": "sha512-rQfm1NG5xfx3FtMfEzYzYXqscIezwn12MQh2oQ390BPwhgqexZ4JHEp3/FxtVNDuQiHVtCETO4H5Zkg50lXU6A==",
      "dependencies": {
        "hyper-cmd-lib-keys": "^0.0.2",
        "hyper-cmd-lib-net": "^0.0.1",
        "hyperdht": "^6.11.7"
      }
    },
    "node_modules/hyper-cmd-lib-keys": {
      "version": "0.0.2",
      "resolved": "https://registry.npmjs.org/hyper-cmd-lib-keys/-/hyper-cmd-lib-keys-0.0.2.tgz",
      "integrity": "sha512-/KUs6yDoBzYFSlx2PnFoCDZaiNwMqc+iDsMqaXM0Wd+Ntu2nkxJxFSlxKCZUThHOmjJF3DH1SPD/5kgENpbwug=="
    },
    "node_modules/hyper-cmd-lib-net": {
      "version": "0.0.1",
      "resolved": "https://registry.npmjs.org/hyper-cmd-lib-net/-/hyper-cmd-lib-net-0.0.1.tgz",
      "integrity": "sha512-sl5m2mwd9udVoEGAIT0Wmh4AslekUnt9jR0o7+SvkR96Cc4oyDgQAhGJXXs/1aQxWQOygHrowqcSuH9gEP7MLw=="
    },
    "node_modules/hypercore-crypto": {
      "version": "3.4.0",
      "resolved": "https://registry.npmjs.org/hypercore-crypto/-/hypercore-crypto-3.4.0.tgz",
      "integrity": "sha512-0cZA1B58p1J84TDbTh8DMMIj7Qr7Rzz8NyGIo+ykUhdwD21gtjiiLWoME92QvN+lgbfu0Zfr9vwxT8sRmyg+AA==",
      "dependencies": {
        "b4a": "^1.1.0",
        "compact-encoding": "^2.5.1",
        "sodium-universal": "^4.0.0"
      }
    },
    "node_modules/hypercore-id-encoding": {
      "version": "1.3.0",
      "resolved": "https://registry.npmjs.org/hypercore-id-encoding/-/hypercore-id-encoding-1.3.0.tgz",
      "integrity": "sha512-W6sHdGo5h7LXEsoWfKf/KfuROZmZRQDlGqJF2EPHW+noCK66Vvr0+zE6cL0vqQi18s0kQPeN7Sq3QyR0Ytc2VQ==",
      "dependencies": {
        "b4a": "^1.5.3",
        "z32": "^1.0.0"
      }
    },
    "node_modules/hyperdht": {
      "version": "6.14.0",
      "resolved": "https://registry.npmjs.org/hyperdht/-/hyperdht-6.14.0.tgz",
      "integrity": "sha512-jfRAMV5BgHbGDrO8gcvbpg1N6ZcA9jHswIlWCseLcaOUUmVc2Pcp2ys7PrvF5dv74ZLeb6hhss5Kek0y9FFE9A==",
      "dependencies": {
        "@hyperswarm/secret-stream": "^6.4.0",
        "b4a": "^1.3.1",
        "bare-events": "^2.2.0",
        "blind-relay": "^1.3.0",
        "bogon": "^1.0.0",
        "compact-encoding": "^2.4.1",
        "compact-encoding-net": "^1.0.1",
        "debugging-stream": "^2.0.0",
        "dht-rpc": "^6.9.0",
        "hypercore-crypto": "^3.3.0",
        "hypercore-id-encoding": "^1.2.0",
        "hypertrace": "^1.3.0",
        "noise-curve-ed": "^2.0.0",
        "noise-handshake": "^3.0.0",
        "record-cache": "^1.1.1",
        "safety-catch": "^1.0.1",
        "signal-promise": "^1.0.3",
        "sodium-universal": "^4.0.0",
        "streamx": "^2.16.1",
        "xache": "^1.1.0"
      },
      "bin": {
        "hyperdht": "bin.js"
      }
    },
    "node_modules/hypertrace": {
      "version": "1.4.2",
      "resolved": "https://registry.npmjs.org/hypertrace/-/hypertrace-1.4.2.tgz",
      "integrity": "sha512-sa6iq1FaJ03Db3eUl5ZodyOL3fheyrum9xzeHasXOQ/AprTT6vS1WjpbXfYkHhmzVmyn0jBW/VsCb1QaBkGyow=="
    },
    "node_modules/kademlia-routing-table": {
      "version": "1.0.3",
      "resolved": "https://registry.npmjs.org/kademlia-routing-table/-/kademlia-routing-table-1.0.3.tgz",
      "integrity": "sha512-ag1nLPaCSxbLnG6zeTBoGkdm+JSUi2JHMiNynHBoRG8se2w9yfyzepF3oX1B52HOEldtbuxTde5NxbNUtnwGqA==",
      "dependencies": {
        "bare-events": "^2.2.0"
      }
    },
    "node_modules/minimist": {
      "version": "1.2.8",
      "resolved": "https://registry.npmjs.org/minimist/-/minimist-1.2.8.tgz",
      "integrity": "sha512-2yyAR8qBkN3YuheJanUpWC5U3bb5osDywNB8RzDVlDwDHbocAJveqqj1u8+SVD7jkWT4yvsHCpWqqWqAxb0zCA==",
      "funding": {
        "url": "https://github.com/sponsors/ljharb"
      }
    },
    "node_modules/nanoassert": {
      "version": "2.0.0",
      "resolved": "https://registry.npmjs.org/nanoassert/-/nanoassert-2.0.0.tgz",
      "integrity": "sha512-7vO7n28+aYO4J+8w96AzhmU8G+Y/xpPDJz/se19ICsqj/momRbb9mh9ZUtkoJ5X3nTnPdhEJyc0qnM6yAsHBaA=="
    },
    "node_modules/napi-macros": {
      "version": "2.2.2",
      "resolved": "https://registry.npmjs.org/napi-macros/-/napi-macros-2.2.2.tgz",
      "integrity": "sha512-hmEVtAGYzVQpCKdbQea4skABsdXW4RUh5t5mJ2zzqowJS2OyXZTU1KhDVFhx+NlWZ4ap9mqR9TcDO3LTTttd+g=="
    },
    "node_modules/nat-sampler": {
      "version": "1.0.1",
      "resolved": "https://registry.npmjs.org/nat-sampler/-/nat-sampler-1.0.1.tgz",
      "integrity": "sha512-yQvyNN7xbqR8crTKk3U8gRgpcV1Az+vfCEijiHu9oHHsnIl8n3x+yXNHl42M6L3czGynAVoOT9TqBfS87gDdcw=="
    },
    "node_modules/node-gyp-build": {
      "version": "4.8.0",
      "resolved": "https://registry.npmjs.org/node-gyp-build/-/node-gyp-build-4.8.0.tgz",
      "integrity": "sha512-u6fs2AEUljNho3EYTJNBfImO5QTo/J/1Etd+NVdCj7qWKUSN/bSLkZwhDv7I+w/MSC6qJ4cknepkAYykDdK8og==",
      "bin": {
        "node-gyp-build": "bin.js",
        "node-gyp-build-optional": "optional.js",
        "node-gyp-build-test": "build-test.js"
      }
    },
    "node_modules/noise-curve-ed": {
      "version": "2.0.1",
      "resolved": "https://registry.npmjs.org/noise-curve-ed/-/noise-curve-ed-2.0.1.tgz",
      "integrity": "sha512-8HMZ40Wmarg8RQjVemLrjB49JSL6eGeOD+tlzaQW5/p+hNPfHFEMC3UZZ57zUqUprMuz6GN+gsPExpz2DWL+iA==",
      "dependencies": {
        "b4a": "^1.1.0",
        "nanoassert": "^2.0.0",
        "sodium-universal": "^4.0.0"
      }
    },
    "node_modules/noise-handshake": {
      "version": "3.1.0",
      "resolved": "https://registry.npmjs.org/noise-handshake/-/noise-handshake-3.1.0.tgz",
      "integrity": "sha512-0S1qkUvMbTvZCfgr/vSkVT84YyvI4Q0OLwSc5BFxVmjaePrxAwVeXeJDY3A7N/7+qj95gZ15LaNoP9ZnBXH5Lw==",
      "dependencies": {
        "b4a": "^1.1.0",
        "nanoassert": "^2.0.0",
        "sodium-universal": "^4.0.0"
      }
    },
    "node_modules/protomux": {
      "version": "3.5.2",
      "resolved": "https://registry.npmjs.org/protomux/-/protomux-3.5.2.tgz",
      "integrity": "sha512-ZxGTlyIXochH+XtuMrQw6ZAg8cd9H1AX/oJ+2hLOLZt6+/P9sm1Nv47xWTC59WwmDWFad1HPGrdwryLA8BLJ1g==",
      "dependencies": {
        "b4a": "^1.3.1",
        "compact-encoding": "^2.5.1",
        "queue-tick": "^1.0.0",
        "safety-catch": "^1.0.1"
      }
    },
    "node_modules/queue-tick": {
      "version": "1.0.1",
      "resolved": "https://registry.npmjs.org/queue-tick/-/queue-tick-1.0.1.tgz",
      "integrity": "sha512-kJt5qhMxoszgU/62PLP1CJytzd2NKetjSRnyuj31fDd3Rlcz3fzlFdFLD1SItunPwyqEOkca6GbV612BWfaBag=="
    },
    "node_modules/record-cache": {
      "version": "1.2.0",
      "resolved": "https://registry.npmjs.org/record-cache/-/record-cache-1.2.0.tgz",
      "integrity": "sha512-kyy3HWCez2WrotaL3O4fTn0rsIdfRKOdQQcEJ9KpvmKmbffKVvwsloX063EgRUlpJIXHiDQFhJcTbZequ2uTZw==",
      "dependencies": {
        "b4a": "^1.3.1"
      }
    },
    "node_modules/safety-catch": {
      "version": "1.0.2",
      "resolved": "https://registry.npmjs.org/safety-catch/-/safety-catch-1.0.2.tgz",
      "integrity": "sha512-C1UYVZ4dtbBxEtvOcpjBaaD27nP8MlvyAQEp2fOTOEe6pfUpk1cDUxij6BR1jZup6rSyUTaBBplK7LanskrULA=="
    },
    "node_modules/signal-promise": {
      "version": "1.0.3",
      "resolved": "https://registry.npmjs.org/signal-promise/-/signal-promise-1.0.3.tgz",
      "integrity": "sha512-WBgv0UnIq2C+Aeh0/n+IRpP6967eIx9WpynTUoiW3isPpfe1zu2LJzyfXdo9Tgef8yR/sGjcMvoUXD7EYdiz+g=="
    },
    "node_modules/sodium-native": {
      "version": "4.1.1",
      "resolved": "https://registry.npmjs.org/sodium-native/-/sodium-native-4.1.1.tgz",
      "integrity": "sha512-LXkAfRd4FHtkQS4X6g+nRcVaN7mWVNepV06phIsC6+IZFvGh1voW5TNQiQp2twVaMf05gZqQjuS+uWLM6gHhNQ==",
      "hasInstallScript": true,
      "dependencies": {
        "node-gyp-build": "^4.8.0"
      }
    },
    "node_modules/sodium-secretstream": {
      "version": "1.1.0",
      "resolved": "https://registry.npmjs.org/sodium-secretstream/-/sodium-secretstream-1.1.0.tgz",
      "integrity": "sha512-Qg7D2xomELDjDCWAmE4izk1aecG/il8pQIGmSWFaKgah/V58BVWG/PuSZF6vseTpcqnetIFGaOWzmPNzyTD50A==",
      "dependencies": {
        "b4a": "^1.1.1",
        "sodium-universal": "^4.0.0"
      }
    },
    "node_modules/sodium-universal": {
      "version": "4.0.1",
      "resolved": "https://registry.npmjs.org/sodium-universal/-/sodium-universal-4.0.1.tgz",
      "integrity": "sha512-sNp13PrxYLaUFHTGoDKkSDFvoEu51bfzE12RwGlqU1fcrkpAOK0NvizaJzOWV0Omtk9me2+Pnbjcf/l0efxuGQ==",
      "dependencies": {
        "sodium-native": "^4.0.0"
      },
      "peerDependencies": {
        "sodium-javascript": "~0.8.0"
      },
      "peerDependenciesMeta": {
        "sodium-javascript": {
          "optional": true
        }
      }
    },
    "node_modules/streamx": {
      "version": "2.16.1",
      "resolved": "https://registry.npmjs.org/streamx/-/streamx-2.16.1.tgz",
      "integrity": "sha512-m9QYj6WygWyWa3H1YY69amr4nVgy61xfjys7xO7kviL5rfIEc2naf+ewFiOA+aEJD7y0JO3h2GoiUv4TDwEGzQ==",
      "dependencies": {
        "fast-fifo": "^1.1.0",
        "queue-tick": "^1.0.1"
      },
      "optionalDependencies": {
        "bare-events": "^2.2.0"
      }
    },
    "node_modules/time-ordered-set": {
      "version": "1.0.2",
      "resolved": "https://registry.npmjs.org/time-ordered-set/-/time-ordered-set-1.0.2.tgz",
      "integrity": "sha512-vGO99JkxvgX+u+LtOKQEpYf31Kj3i/GNwVstfnh4dyINakMgeZCpew1e3Aj+06hEslhtHEd52g7m5IV+o1K8Mw=="
    },
    "node_modules/timeout-refresh": {
      "version": "2.0.1",
      "resolved": "https://registry.npmjs.org/timeout-refresh/-/timeout-refresh-2.0.1.tgz",
      "integrity": "sha512-SVqEcMZBsZF9mA78rjzCrYrUs37LMJk3ShZ851ygZYW1cMeIjs9mL57KO6Iv5mmjSQnOe/29/VAfGXo+oRCiVw=="
    },
    "node_modules/udx-native": {
      "version": "1.8.9",
      "resolved": "https://registry.npmjs.org/udx-native/-/udx-native-1.8.9.tgz",
      "integrity": "sha512-aeYc0W3wn+Er6mMIPhpFd9ilU5nTqoMcR2VIwdm7uUIvo3L2nMWpxPtwpZyPqT9Sg6F/qAWtJmj1bQ3bCApcGA==",
      "hasInstallScript": true,
      "dependencies": {
        "b4a": "^1.5.0",
        "bare-events": "^2.2.0",
        "napi-macros": "^2.0.0",
        "node-gyp-build": "^4.4.0",
        "streamx": "^2.14.0"
      }
    },
    "node_modules/xache": {
      "version": "1.2.1",
      "resolved": "https://registry.npmjs.org/xache/-/xache-1.2.1.tgz",
      "integrity": "sha512-igRS6jPreJ54ABdzhh4mCDXcz+XMaWO2q1ABRV2yWYuk29jlp8VT7UBdCqNkX7rpYBbXsebVVKkwIuYZjyZNqA=="
    },
    "node_modules/z32": {
      "version": "1.1.0",
      "resolved": "https://registry.npmjs.org/z32/-/z32-1.1.0.tgz",
      "integrity": "sha512-1WUHy+VS6d0HPNspDxvLssBbeQjXMjSnpv0vH82vRAUfg847NmX3OXozp/hRP5jPhxBbrVzrgvAt+UsGNzRFQQ==",
      "dependencies": {
        "b4a": "^1.5.3"
      }
    }
  }
}
